
Microsoft Visual Studio Solution File, Format Version 12.00
# Visual Studio 14
VisualStudioVersion = 14.0.25420.1
MinimumVisualStudioVersion = 10.0.40219.1
Project("{FAE04EC0-301F-11D3-BF4B-00C04F79EFBC}") = "ManagedDevcon", "ManagedDevcon\ManagedDevcon.csproj", "{47DA5752-0990-4987-BBEA-AF67C319D654}"
EndProject
Project("{FF286327-C783-4F7A-AB73-9BCBAD0D4460}") = "ManagedDevconNuGetPackage", "ManagedDevconNuGetPackage\ManagedDevconNuGetPackage.nuproj", "{A7E52403-4397-4899-AF8A-CD1B74580974}"
EndProject
Global
	GlobalSection(SolutionConfigurationPlatforms) = preSolution
		Debug|Any CPU = Debug|Any CPU
		Release|Any CPU = Release|Any CPU
	EndGlobalSection
	GlobalSection(ProjectConfigurationPlatforms) = postSolution
		{47DA5752-0990-4987-BBEA-AF67C319D654}.Debug|Any CPU.ActiveCfg = Debug|Any CPU
		{47DA5752-0990-4987-BBEA-AF67C319D654}.Debug|Any CPU.Build.0 = Debug|Any CPU
		{47DA5752-0990-4987-BBEA-AF67C319D654}.Release|Any CPU.ActiveCfg = Release|Any CPU
		{47DA5752-0990-4987-BBEA-AF67C319D654}.Release|Any CPU.Build.0 = Release|Any CPU
		{A7E52403-4397-4899-AF8A-CD1B74580974}.Debug|Any CPU.ActiveCfg = Debug|Any CPU
		{A7E52403-4397-4899-AF8A-CD1B74580974}.Debug|Any CPU.Build.0 = Debug|Any CPU
		{A7E52403-4397-4899-AF8A-CD1B74580974}.Release|Any CPU.ActiveCfg = Release|Any CPU
		{A7E52403-4397-4899-AF8A-CD1B74580974}.Release|Any CPU.Build.0 = Release|Any CPU
	EndGlobalSection
	GlobalSection(SolutionProperties) = preSolution
		HideSolutionNode = FALSE
	EndGlobalSection
	GlobalSection(ExtensibilityGlobals) = postSolution
		SolutionGuid = {5D9FEA98-9093-4B54-99A0-B0E584453A40}
	EndGlobalSection
EndGlobal
