
Microsoft Visual Studio Solution File, Format Version 12.00
# Visual Studio 15
VisualStudioVersion = 15.0.27004.2005
MinimumVisualStudioVersion = 10.0.40219.1
Project("{9A19103F-16F7-4668-BE54-9A1E7A4F7556}") = "ManagedDevcon", "ManagedDevcon\ManagedDevcon.csproj", "{47DA5752-0990-4987-BBEA-AF67C319D654}"
EndProject
Global
	GlobalSection(SolutionConfigurationPlatforms) = preSolution
		Debug|Any CPU = Debug|Any CPU
		Release|Any CPU = Release|Any CPU
	EndGlobalSection
	GlobalSection(ProjectConfigurationPlatforms) = postSolution
		{47DA5752-0990-4987-BBEA-AF67C319D654}.Debug|Any CPU.ActiveCfg = Debug|Any CPU
		{47DA5752-0990-4987-BBEA-AF67C319D654}.Debug|Any CPU.Build.0 = Debug|Any CPU
		{47DA5752-0990-4987-BBEA-AF67C319D654}.Release|Any CPU.ActiveCfg = Release|Any CPU
		{47DA5752-0990-4987-BBEA-AF67C319D654}.Release|Any CPU.Build.0 = Release|Any CPU
	EndGlobalSection
	GlobalSection(SolutionProperties) = preSolution
		HideSolutionNode = FALSE
	EndGlobalSection
	GlobalSection(ExtensibilityGlobals) = postSolution
		SolutionGuid = {5D9FEA98-9093-4B54-99A0-B0E584453A40}
	EndGlobalSection
EndGlobal
